<?xml version="1.0" encoding="utf-8"?>
<Project ToolsVersion="4.0" xmlns="http://schemas.microsoft.com/developer/msbuild/2003">
  <ItemGroup>
    <Filter Include="Resource Files">
      <UniqueIdentifier>{67DA6AB6-F800-4c08-8B7A-83BB121AAD01}</UniqueIdentifier>
      <Extensions>rc;ico;cur;bmp;dlg;rc2;rct;bin;rgs;gif;jpg;jpeg;jpe;resx;tiff;tif;png;wav;mfcribbon-ms</Extensions>
    </Filter>
    <Filter Include="Source Files">
      <UniqueIdentifier>{8387be19-1165-417e-8dec-d7151d7a60b5}</UniqueIdentifier>
    </Filter>
    <Filter Include="Header Files">
      <UniqueIdentifier>{78216bd6-2448-4ee3-b98d-ddbc4a8d5361}</UniqueIdentifier>
    </Filter>
    <Filter Include="Source Files\Graphics">
      <UniqueIdentifier>{8e311aba-1b8e-4039-b977-ed2ac43b26fc}</UniqueIdentifier>
    </Filter>
    <Filter Include="Source Files\Camera">
      <UniqueIdentifier>{f97a0ff6-416a-4aac-9100-878b4b85d0a0}</UniqueIdentifier>
    </Filter>
    <Filter Include="Source Files\Render API">
      <UniqueIdentifier>{e96b1bb2-d924-43f1-ab0a-37e753a51dd6}</UniqueIdentifier>
    </Filter>
    <Filter Include="Source Files\Vertex Manager">
      <UniqueIdentifier>{f26966b4-dced-4b61-bf57-1f98f022a604}</UniqueIdentifier>
    </Filter>
    <Filter Include="Source Files\Models">
      <UniqueIdentifier>{ee9fbb28-dd33-4976-8064-5b8a1a433446}</UniqueIdentifier>
    </Filter>
    <Filter Include="Source Files\Models\3D Model">
      <UniqueIdentifier>{70f50e6a-15bf-4568-8cd1-844e9c865947}</UniqueIdentifier>
    </Filter>
    <Filter Include="Source Files\Models\Base Class">
      <UniqueIdentifier>{8dd7d5a5-9234-4f7f-837e-cbf460a5fdda}</UniqueIdentifier>
    </Filter>
  </ItemGroup>
  <ItemGroup>
    <ClInclude Include="DX11BufferManager.h">
      <Filter>Header Files</Filter>
    </ClInclude>
    <ClInclude Include="DX11ConstantBuffer.h">
      <Filter>Header Files</Filter>
    </ClInclude>
    <ClInclude Include="DX11DepthStencilState.h">
      <Filter>Header Files</Filter>
    </ClInclude>
    <ClInclude Include="DX11Graphics.h">
      <Filter>Header Files</Filter>
    </ClInclude>
    <ClInclude Include="DX11Shader.h">
      <Filter>Header Files</Filter>
    </ClInclude>
    <ClInclude Include="DX11Texture.h">
      <Filter>Header Files</Filter>
    </ClInclude>
    <ClInclude Include="OpenGLGraphics.h">
      <Filter>Header Files</Filter>
    </ClInclude>
    <ClInclude Include="TextureManager.h">
      <Filter>Header Files</Filter>
    </ClInclude>
    <ClInclude Include="WindowsAdditionals.h">
      <Filter>Header Files</Filter>
    </ClInclude>
    <ClInclude Include="DllSettings.h">
      <Filter>Header Files</Filter>
    </ClInclude>
    <ClInclude Include="Camera.h">
      <Filter>Source Files\Camera</Filter>
    </ClInclude>
    <ClInclude Include="Graphics.h">
      <Filter>Source Files\Graphics</Filter>
    </ClInclude>
    <ClInclude Include="VertexManager.h">
      <Filter>Source Files\Vertex Manager</Filter>
    </ClInclude>
    <ClInclude Include="RenderAPI.h">
      <Filter>Source Files\Render API</Filter>
    </ClInclude>
    <ClInclude Include="MeshLoader.h">
      <Filter>Header Files</Filter>
    </ClInclude>
    <ClInclude Include="Model3D.h">
      <Filter>Source Files\Models\3D Model</Filter>
    </ClInclude>
    <ClInclude Include="Model.h">
      <Filter>Source Files\Models\Base Class</Filter>
    </ClInclude>
  </ItemGroup>
  <ItemGroup>
    <ClCompile Include="DX11BufferManager.cpp">
      <Filter>Source Files</Filter>
    </ClCompile>
    <ClCompile Include="DX11ConstantBuffer.cpp">
      <Filter>Source Files</Filter>
    </ClCompile>
    <ClCompile Include="DX11DepthStencilState.cpp">
      <Filter>Source Files</Filter>
    </ClCompile>
    <ClCompile Include="DX11Graphics.cpp">
      <Filter>Source Files</Filter>
    </ClCompile>
    <ClCompile Include="DX11Shader.cpp">
      <Filter>Source Files</Filter>
    </ClCompile>
    <ClCompile Include="DX11Texture.cpp">
      <Filter>Source Files</Filter>
    </ClCompile>
    <ClCompile Include="TextureManager.cpp">
      <Filter>Source Files</Filter>
    </ClCompile>
    <ClCompile Include="Camera.cpp">
      <Filter>Source Files\Camera</Filter>
    </ClCompile>
    <ClCompile Include="DllSettings.cpp">
      <Filter>Source Files</Filter>
    </ClCompile>
    <ClCompile Include="Graphics.cpp">
      <Filter>Source Files\Graphics</Filter>
    </ClCompile>
    <ClCompile Include="RenderAPI.cpp">
      <Filter>Source Files\Render API</Filter>
    </ClCompile>
    <ClCompile Include="VertexManager.cpp">
      <Filter>Source Files\Vertex Manager</Filter>
    </ClCompile>
    <ClCompile Include="MeshLoader.cpp">
      <Filter>Source Files</Filter>
    </ClCompile>
    <ClCompile Include="Model3D.cpp">
      <Filter>Source Files\Models\3D Model</Filter>
    </ClCompile>
    <ClCompile Include="Model.cpp">
      <Filter>Source Files\Models\Base Class</Filter>
    </ClCompile>
  </ItemGroup>
</Project>