
Microsoft Visual Studio Solution File, Format Version 12.00
# Visual Studio 15
VisualStudioVersion = 15.0.26730.12
MinimumVisualStudioVersion = 10.0.40219.1
Project("{8BC9CEB8-8B4A-11D0-8D11-00A0C91BC942}") = "Engine", "Engine\Engine.vcxproj", "{4B1A0D0E-1EE0-4CF3-B7F1-473B82C554CF}"
EndProject
Project("{8BC9CEB8-8B4A-11D0-8D11-00A0C91BC942}") = "TestGame", "TestGame\TestGame.vcxproj", "{0EB6877F-A8D7-43AA-AE6F-F400C2AF355D}"
	ProjectSection(ProjectDependencies) = postProject
		{4B1A0D0E-1EE0-4CF3-B7F1-473B82C554CF} = {4B1A0D0E-1EE0-4CF3-B7F1-473B82C554CF}
	EndProjectSection
EndProject
Global
	GlobalSection(SolutionConfigurationPlatforms) = preSolution
		Debug|x64 = Debug|x64
		Debug|x86 = Debug|x86
		Release|x64 = Release|x64
		Release|x86 = Release|x86
	EndGlobalSection
	GlobalSection(ProjectConfigurationPlatforms) = postSolution
		{4B1A0D0E-1EE0-4CF3-B7F1-473B82C554CF}.Debug|x64.ActiveCfg = Debug|x64
		{4B1A0D0E-1EE0-4CF3-B7F1-473B82C554CF}.Debug|x64.Build.0 = Debug|x64
		{4B1A0D0E-1EE0-4CF3-B7F1-473B82C554CF}.Debug|x86.ActiveCfg = Debug|Win32
		{4B1A0D0E-1EE0-4CF3-B7F1-473B82C554CF}.Debug|x86.Build.0 = Debug|Win32
		{4B1A0D0E-1EE0-4CF3-B7F1-473B82C554CF}.Release|x64.ActiveCfg = Release|x64
		{4B1A0D0E-1EE0-4CF3-B7F1-473B82C554CF}.Release|x64.Build.0 = Release|x64
		{4B1A0D0E-1EE0-4CF3-B7F1-473B82C554CF}.Release|x86.ActiveCfg = Release|Win32
		{4B1A0D0E-1EE0-4CF3-B7F1-473B82C554CF}.Release|x86.Build.0 = Release|Win32
		{0EB6877F-A8D7-43AA-AE6F-F400C2AF355D}.Debug|x64.ActiveCfg = Debug|x64
		{0EB6877F-A8D7-43AA-AE6F-F400C2AF355D}.Debug|x64.Build.0 = Debug|x64
		{0EB6877F-A8D7-43AA-AE6F-F400C2AF355D}.Debug|x86.ActiveCfg = Debug|Win32
		{0EB6877F-A8D7-43AA-AE6F-F400C2AF355D}.Debug|x86.Build.0 = Debug|Win32
		{0EB6877F-A8D7-43AA-AE6F-F400C2AF355D}.Release|x64.ActiveCfg = Release|x64
		{0EB6877F-A8D7-43AA-AE6F-F400C2AF355D}.Release|x64.Build.0 = Release|x64
		{0EB6877F-A8D7-43AA-AE6F-F400C2AF355D}.Release|x86.ActiveCfg = Release|Win32
		{0EB6877F-A8D7-43AA-AE6F-F400C2AF355D}.Release|x86.Build.0 = Release|Win32
	EndGlobalSection
	GlobalSection(SolutionProperties) = preSolution
		HideSolutionNode = FALSE
	EndGlobalSection
	GlobalSection(ExtensibilityGlobals) = postSolution
		SolutionGuid = {D3A22DC5-D284-4916-B2D2-3B58C58E4ED4}
	EndGlobalSection
EndGlobal
