
Microsoft Visual Studio Solution File, Format Version 12.00
# Visual Studio 15
VisualStudioVersion = 15.0.27004.2009
MinimumVisualStudioVersion = 10.0.40219.1
Project("{8BC9CEB8-8B4A-11D0-8D11-00A0C91BC942}") = "BinaryModelConverter", "BinaryModelConverter\BinaryModelConverter.vcxproj", "{0DE195D7-5703-4B9D-B744-570E9898FC88}"
EndProject
Global
	GlobalSection(SolutionConfigurationPlatforms) = preSolution
		Debug|ARM = Debug|ARM
		Debug|x64 = Debug|x64
		Debug|x86 = Debug|x86
		Release|ARM = Release|ARM
		Release|x64 = Release|x64
		Release|x86 = Release|x86
	EndGlobalSection
	GlobalSection(ProjectConfigurationPlatforms) = postSolution
		{0DE195D7-5703-4B9D-B744-570E9898FC88}.Debug|ARM.ActiveCfg = Release|Win32
		{0DE195D7-5703-4B9D-B744-570E9898FC88}.Debug|ARM.Build.0 = Release|Win32
		{0DE195D7-5703-4B9D-B744-570E9898FC88}.Debug|ARM.Deploy.0 = Release|Win32
		{0DE195D7-5703-4B9D-B744-570E9898FC88}.Debug|x64.ActiveCfg = Release|x64
		{0DE195D7-5703-4B9D-B744-570E9898FC88}.Debug|x64.Build.0 = Release|x64
		{0DE195D7-5703-4B9D-B744-570E9898FC88}.Debug|x64.Deploy.0 = Release|x64
		{0DE195D7-5703-4B9D-B744-570E9898FC88}.Debug|x86.ActiveCfg = Release|Win32
		{0DE195D7-5703-4B9D-B744-570E9898FC88}.Debug|x86.Build.0 = Release|Win32
		{0DE195D7-5703-4B9D-B744-570E9898FC88}.Debug|x86.Deploy.0 = Release|Win32
		{0DE195D7-5703-4B9D-B744-570E9898FC88}.Release|ARM.ActiveCfg = Release|Win32
		{0DE195D7-5703-4B9D-B744-570E9898FC88}.Release|ARM.Build.0 = Release|Win32
		{0DE195D7-5703-4B9D-B744-570E9898FC88}.Release|ARM.Deploy.0 = Release|Win32
		{0DE195D7-5703-4B9D-B744-570E9898FC88}.Release|x64.ActiveCfg = Release|x64
		{0DE195D7-5703-4B9D-B744-570E9898FC88}.Release|x64.Build.0 = Release|x64
		{0DE195D7-5703-4B9D-B744-570E9898FC88}.Release|x64.Deploy.0 = Release|x64
		{0DE195D7-5703-4B9D-B744-570E9898FC88}.Release|x86.ActiveCfg = Release|Win32
		{0DE195D7-5703-4B9D-B744-570E9898FC88}.Release|x86.Build.0 = Release|Win32
		{0DE195D7-5703-4B9D-B744-570E9898FC88}.Release|x86.Deploy.0 = Release|Win32
	EndGlobalSection
	GlobalSection(SolutionProperties) = preSolution
		HideSolutionNode = FALSE
	EndGlobalSection
	GlobalSection(ExtensibilityGlobals) = postSolution
		SolutionGuid = {47044582-185B-47D8-89E8-7C1D629C8E5E}
	EndGlobalSection
EndGlobal
