
Microsoft Visual Studio Solution File, Format Version 12.00
# Visual Studio 15
VisualStudioVersion = 15.0.27004.2006
MinimumVisualStudioVersion = 10.0.40219.1
Project("{8BC9CEB8-8B4A-11D0-8D11-00A0C91BC942}") = "System", "System\System.vcxproj", "{3FADF7AD-5703-49B3-92C5-040E750E23E1}"
EndProject
Project("{8BC9CEB8-8B4A-11D0-8D11-00A0C91BC942}") = "TestGame", "TestGame\TestGame.vcxproj", "{0EB6877F-A8D7-43AA-AE6F-F400C2AF355D}"
EndProject
Project("{8BC9CEB8-8B4A-11D0-8D11-00A0C91BC942}") = "Graphics", "Graphics\Graphics.vcxproj", "{CE56D44B-EB5F-410E-9FFB-D85858821007}"
EndProject
Project("{8BC9CEB8-8B4A-11D0-8D11-00A0C91BC942}") = "DirectXTex", "DirectXTex-master\DirectXTex\DirectXTex_Desktop_2017_Win10.vcxproj", "{371B9FA9-4C90-4AC6-A123-ACED756D6C77}"
EndProject
Project("{8BC9CEB8-8B4A-11D0-8D11-00A0C91BC942}") = "Lime_Engine", "Lime_Engine\Lime_Engine.vcxproj", "{C2831193-D1CE-4D61-9D4F-6DED7A5D83F3}"
EndProject
Global
	GlobalSection(SolutionConfigurationPlatforms) = preSolution
		Debug|x64 = Debug|x64
		Debug|x86 = Debug|x86
		Profile|x64 = Profile|x64
		Profile|x86 = Profile|x86
		Release|x64 = Release|x64
		Release|x86 = Release|x86
	EndGlobalSection
	GlobalSection(ProjectConfigurationPlatforms) = postSolution
		{3FADF7AD-5703-49B3-92C5-040E750E23E1}.Debug|x64.ActiveCfg = Debug|x64
		{3FADF7AD-5703-49B3-92C5-040E750E23E1}.Debug|x64.Build.0 = Debug|x64
		{3FADF7AD-5703-49B3-92C5-040E750E23E1}.Debug|x86.ActiveCfg = Debug|Win32
		{3FADF7AD-5703-49B3-92C5-040E750E23E1}.Debug|x86.Build.0 = Debug|Win32
		{3FADF7AD-5703-49B3-92C5-040E750E23E1}.Profile|x64.ActiveCfg = Release|x64
		{3FADF7AD-5703-49B3-92C5-040E750E23E1}.Profile|x64.Build.0 = Release|x64
		{3FADF7AD-5703-49B3-92C5-040E750E23E1}.Profile|x86.ActiveCfg = Release|Win32
		{3FADF7AD-5703-49B3-92C5-040E750E23E1}.Profile|x86.Build.0 = Release|Win32
		{3FADF7AD-5703-49B3-92C5-040E750E23E1}.Release|x64.ActiveCfg = Release|x64
		{3FADF7AD-5703-49B3-92C5-040E750E23E1}.Release|x64.Build.0 = Release|x64
		{3FADF7AD-5703-49B3-92C5-040E750E23E1}.Release|x86.ActiveCfg = Release|Win32
		{3FADF7AD-5703-49B3-92C5-040E750E23E1}.Release|x86.Build.0 = Release|Win32
		{0EB6877F-A8D7-43AA-AE6F-F400C2AF355D}.Debug|x64.ActiveCfg = Debug|x64
		{0EB6877F-A8D7-43AA-AE6F-F400C2AF355D}.Debug|x64.Build.0 = Debug|x64
		{0EB6877F-A8D7-43AA-AE6F-F400C2AF355D}.Debug|x86.ActiveCfg = Debug|Win32
		{0EB6877F-A8D7-43AA-AE6F-F400C2AF355D}.Debug|x86.Build.0 = Debug|Win32
		{0EB6877F-A8D7-43AA-AE6F-F400C2AF355D}.Profile|x64.ActiveCfg = Release|x64
		{0EB6877F-A8D7-43AA-AE6F-F400C2AF355D}.Profile|x64.Build.0 = Release|x64
		{0EB6877F-A8D7-43AA-AE6F-F400C2AF355D}.Profile|x86.ActiveCfg = Release|Win32
		{0EB6877F-A8D7-43AA-AE6F-F400C2AF355D}.Profile|x86.Build.0 = Release|Win32
		{0EB6877F-A8D7-43AA-AE6F-F400C2AF355D}.Release|x64.ActiveCfg = Release|x64
		{0EB6877F-A8D7-43AA-AE6F-F400C2AF355D}.Release|x64.Build.0 = Release|x64
		{0EB6877F-A8D7-43AA-AE6F-F400C2AF355D}.Release|x86.ActiveCfg = Release|Win32
		{0EB6877F-A8D7-43AA-AE6F-F400C2AF355D}.Release|x86.Build.0 = Release|Win32
		{CE56D44B-EB5F-410E-9FFB-D85858821007}.Debug|x64.ActiveCfg = Debug|x64
		{CE56D44B-EB5F-410E-9FFB-D85858821007}.Debug|x64.Build.0 = Debug|x64
		{CE56D44B-EB5F-410E-9FFB-D85858821007}.Debug|x86.ActiveCfg = Debug|Win32
		{CE56D44B-EB5F-410E-9FFB-D85858821007}.Debug|x86.Build.0 = Debug|Win32
		{CE56D44B-EB5F-410E-9FFB-D85858821007}.Profile|x64.ActiveCfg = Release|x64
		{CE56D44B-EB5F-410E-9FFB-D85858821007}.Profile|x64.Build.0 = Release|x64
		{CE56D44B-EB5F-410E-9FFB-D85858821007}.Profile|x86.ActiveCfg = Release|Win32
		{CE56D44B-EB5F-410E-9FFB-D85858821007}.Profile|x86.Build.0 = Release|Win32
		{CE56D44B-EB5F-410E-9FFB-D85858821007}.Release|x64.ActiveCfg = Release|x64
		{CE56D44B-EB5F-410E-9FFB-D85858821007}.Release|x64.Build.0 = Release|x64
		{CE56D44B-EB5F-410E-9FFB-D85858821007}.Release|x86.ActiveCfg = Release|Win32
		{CE56D44B-EB5F-410E-9FFB-D85858821007}.Release|x86.Build.0 = Release|Win32
		{371B9FA9-4C90-4AC6-A123-ACED756D6C77}.Debug|x64.ActiveCfg = Debug|x64
		{371B9FA9-4C90-4AC6-A123-ACED756D6C77}.Debug|x64.Build.0 = Debug|x64
		{371B9FA9-4C90-4AC6-A123-ACED756D6C77}.Debug|x86.ActiveCfg = Debug|Win32
		{371B9FA9-4C90-4AC6-A123-ACED756D6C77}.Debug|x86.Build.0 = Debug|Win32
		{371B9FA9-4C90-4AC6-A123-ACED756D6C77}.Profile|x64.ActiveCfg = Profile|x64
		{371B9FA9-4C90-4AC6-A123-ACED756D6C77}.Profile|x64.Build.0 = Profile|x64
		{371B9FA9-4C90-4AC6-A123-ACED756D6C77}.Profile|x86.ActiveCfg = Profile|Win32
		{371B9FA9-4C90-4AC6-A123-ACED756D6C77}.Profile|x86.Build.0 = Profile|Win32
		{371B9FA9-4C90-4AC6-A123-ACED756D6C77}.Release|x64.ActiveCfg = Release|x64
		{371B9FA9-4C90-4AC6-A123-ACED756D6C77}.Release|x64.Build.0 = Release|x64
		{371B9FA9-4C90-4AC6-A123-ACED756D6C77}.Release|x86.ActiveCfg = Release|Win32
		{371B9FA9-4C90-4AC6-A123-ACED756D6C77}.Release|x86.Build.0 = Release|Win32
		{C2831193-D1CE-4D61-9D4F-6DED7A5D83F3}.Debug|x64.ActiveCfg = Debug|x64
		{C2831193-D1CE-4D61-9D4F-6DED7A5D83F3}.Debug|x64.Build.0 = Debug|x64
		{C2831193-D1CE-4D61-9D4F-6DED7A5D83F3}.Debug|x86.ActiveCfg = Debug|Win32
		{C2831193-D1CE-4D61-9D4F-6DED7A5D83F3}.Debug|x86.Build.0 = Debug|Win32
		{C2831193-D1CE-4D61-9D4F-6DED7A5D83F3}.Profile|x64.ActiveCfg = Release|x64
		{C2831193-D1CE-4D61-9D4F-6DED7A5D83F3}.Profile|x64.Build.0 = Release|x64
		{C2831193-D1CE-4D61-9D4F-6DED7A5D83F3}.Profile|x86.ActiveCfg = Release|Win32
		{C2831193-D1CE-4D61-9D4F-6DED7A5D83F3}.Profile|x86.Build.0 = Release|Win32
		{C2831193-D1CE-4D61-9D4F-6DED7A5D83F3}.Release|x64.ActiveCfg = Release|x64
		{C2831193-D1CE-4D61-9D4F-6DED7A5D83F3}.Release|x64.Build.0 = Release|x64
		{C2831193-D1CE-4D61-9D4F-6DED7A5D83F3}.Release|x86.ActiveCfg = Release|Win32
		{C2831193-D1CE-4D61-9D4F-6DED7A5D83F3}.Release|x86.Build.0 = Release|Win32
	EndGlobalSection
	GlobalSection(SolutionProperties) = preSolution
		HideSolutionNode = FALSE
	EndGlobalSection
	GlobalSection(ExtensibilityGlobals) = postSolution
		SolutionGuid = {8D5D6EC8-BB7C-44B9-BAA8-B0A4A45DF4B4}
	EndGlobalSection
EndGlobal
