<?xml version="1.0" encoding="utf-8"?>
<Project ToolsVersion="4.0" xmlns="http://schemas.microsoft.com/developer/msbuild/2003">
  <ItemGroup>
    <Filter Include="Main Game">
      <UniqueIdentifier>{b0a9d74e-a645-4f39-bf1f-2ace1be0a51d}</UniqueIdentifier>
    </Filter>
    <Filter Include="Assets">
      <UniqueIdentifier>{277f1c33-27f1-41be-864c-f5ecf2e96f02}</UniqueIdentifier>
    </Filter>
    <Filter Include="GameState">
      <UniqueIdentifier>{465dc38e-d054-4eea-9cc7-b093ed9d8b50}</UniqueIdentifier>
    </Filter>
    <Filter Include="GameState\Main Menu">
      <UniqueIdentifier>{3ca19104-9fd2-4dcc-b50a-ecfe3b5267d5}</UniqueIdentifier>
    </Filter>
    <Filter Include="Button">
      <UniqueIdentifier>{08579910-7989-4553-a5b0-cbbf6e46788f}</UniqueIdentifier>
    </Filter>
    <Filter Include="GameState\Map Editor">
      <UniqueIdentifier>{6c5e77ea-573c-4893-996b-5687c309df66}</UniqueIdentifier>
    </Filter>
    <Filter Include="GameState\Scene Manager">
      <UniqueIdentifier>{c99bc13c-db3f-4efd-8391-10eef5a92531}</UniqueIdentifier>
    </Filter>
    <Filter Include="Scene">
      <UniqueIdentifier>{51b3466b-1139-43af-86e2-7135edb9b8db}</UniqueIdentifier>
    </Filter>
    <Filter Include="DMT Filetype">
      <UniqueIdentifier>{bd08e960-0df7-46be-b983-0c6d3cfbe80b}</UniqueIdentifier>
    </Filter>
    <Filter Include="Scene\Loading">
      <UniqueIdentifier>{a4cb3b36-f0db-46a7-a7f1-33e792f08812}</UniqueIdentifier>
    </Filter>
    <Filter Include="Scene\Level1">
      <UniqueIdentifier>{65202917-bdb7-45b8-a82e-781b6eb2c0d9}</UniqueIdentifier>
    </Filter>
    <Filter Include="Game Objects">
      <UniqueIdentifier>{d8eb111d-d71b-43de-bb2c-88a12c8ea6eb}</UniqueIdentifier>
    </Filter>
    <Filter Include="Game Objects\Character">
      <UniqueIdentifier>{eff88630-481d-4da9-8fc1-84e2eb78fdd4}</UniqueIdentifier>
    </Filter>
    <Filter Include="Game Objects\Entity">
      <UniqueIdentifier>{612510b4-81c7-4210-baaa-fb7450ed7690}</UniqueIdentifier>
    </Filter>
  </ItemGroup>
  <ItemGroup>
    <ClCompile Include="Main.cpp">
      <Filter>Main Game</Filter>
    </ClCompile>
    <ClCompile Include="Dungeon.cpp">
      <Filter>Main Game</Filter>
    </ClCompile>
    <ClCompile Include="GameState.cpp">
      <Filter>GameState</Filter>
    </ClCompile>
    <ClCompile Include="GS_MainMenu.cpp">
      <Filter>GameState\Main Menu</Filter>
    </ClCompile>
    <ClCompile Include="Button.cpp">
      <Filter>Button</Filter>
    </ClCompile>
    <ClCompile Include="GS_MapEditor.cpp">
      <Filter>GameState\Map Editor</Filter>
    </ClCompile>
    <ClCompile Include="GS_SceneManager.cpp">
      <Filter>GameState\Scene Manager</Filter>
    </ClCompile>
    <ClCompile Include="Scene.cpp">
      <Filter>Scene</Filter>
    </ClCompile>
    <ClCompile Include="DungeonMapTileset.cpp">
      <Filter>DMT Filetype</Filter>
    </ClCompile>
    <ClCompile Include="Scene_Loading.cpp">
      <Filter>Scene\Loading</Filter>
    </ClCompile>
    <ClCompile Include="Scene_Level1.cpp">
      <Filter>Scene\Level1</Filter>
    </ClCompile>
    <ClCompile Include="Character.cpp">
      <Filter>Game Objects\Character</Filter>
    </ClCompile>
    <ClCompile Include="Entity.cpp">
      <Filter>Game Objects\Entity</Filter>
    </ClCompile>
  </ItemGroup>
  <ItemGroup>
    <ClInclude Include="Dungeon.h">
      <Filter>Main Game</Filter>
    </ClInclude>
    <ClInclude Include="GameState.h">
      <Filter>GameState</Filter>
    </ClInclude>
    <ClInclude Include="GS_MainMenu.h">
      <Filter>GameState\Main Menu</Filter>
    </ClInclude>
    <ClInclude Include="Shared.h">
      <Filter>Main Game</Filter>
    </ClInclude>
    <ClInclude Include="Button.h">
      <Filter>Button</Filter>
    </ClInclude>
    <ClInclude Include="GS_MapEditor.h">
      <Filter>GameState\Map Editor</Filter>
    </ClInclude>
    <ClInclude Include="GS_SceneManager.h">
      <Filter>GameState\Scene Manager</Filter>
    </ClInclude>
    <ClInclude Include="DungeonMapTileset.h">
      <Filter>DMT Filetype</Filter>
    </ClInclude>
    <ClInclude Include="Scene.h">
      <Filter>Scene</Filter>
    </ClInclude>
    <ClInclude Include="Scene_Loading.h">
      <Filter>Scene\Loading</Filter>
    </ClInclude>
    <ClInclude Include="Scene_Level1.h">
      <Filter>Scene\Level1</Filter>
    </ClInclude>
    <ClInclude Include="Character.h">
      <Filter>Game Objects\Character</Filter>
    </ClInclude>
    <ClInclude Include="Entity.h">
      <Filter>Game Objects\Entity</Filter>
    </ClInclude>
  </ItemGroup>
  <ItemGroup>
    <ImageContentTask Include="Assets\textures\MainMenuBG.jpg">
      <Filter>Assets</Filter>
    </ImageContentTask>
    <ImageContentTask Include="Assets\textures\buttons\Button_selected.png">
      <Filter>Assets</Filter>
    </ImageContentTask>
    <ImageContentTask Include="Assets\textures\buttons\Button_unselected.png">
      <Filter>Assets</Filter>
    </ImageContentTask>
  </ItemGroup>
</Project>