<?xml version="1.0" encoding="utf-8"?>
<Project ToolsVersion="4.0" xmlns="http://schemas.microsoft.com/developer/msbuild/2003">
  <ItemGroup>
    <Filter Include="Source Files">
      <UniqueIdentifier>{4FC737F1-C7A5-4376-A066-2A32D752A2FF}</UniqueIdentifier>
      <Extensions>cpp;c;cc;cxx;def;odl;idl;hpj;bat;asm;asmx</Extensions>
    </Filter>
    <Filter Include="Resource Files">
      <UniqueIdentifier>{67DA6AB6-F800-4c08-8B7A-83BB121AAD01}</UniqueIdentifier>
      <Extensions>rc;ico;cur;bmp;dlg;rc2;rct;bin;rgs;gif;jpg;jpeg;jpe;resx;tiff;tif;png;wav;mfcribbon-ms</Extensions>
    </Filter>
    <Filter Include="Source Files\Settings">
      <UniqueIdentifier>{1ec8fae6-e19e-4c22-920a-083bdeb4e957}</UniqueIdentifier>
    </Filter>
    <Filter Include="Source Files\Console">
      <UniqueIdentifier>{638c2405-7621-4147-8de2-aaf332402883}</UniqueIdentifier>
    </Filter>
    <Filter Include="Source Files\Main Application">
      <UniqueIdentifier>{3f33ce52-a15e-416f-9230-c3563162d6c7}</UniqueIdentifier>
    </Filter>
    <Filter Include="Source Files\Input">
      <UniqueIdentifier>{3b691ceb-8418-42c5-8319-f6f59650eba1}</UniqueIdentifier>
    </Filter>
    <Filter Include="Source Files\Timer">
      <UniqueIdentifier>{b6a25544-f499-4a20-bb45-592ee54789de}</UniqueIdentifier>
    </Filter>
    <Filter Include="Source Files\Resources">
      <UniqueIdentifier>{b52e4095-8118-4435-97c5-9bf6efbdc652}</UniqueIdentifier>
    </Filter>
  </ItemGroup>
  <ItemGroup>
    <ClInclude Include="InputManager.h">
      <Filter>Source Files\Input</Filter>
    </ClInclude>
    <ClInclude Include="EngineApp.h">
      <Filter>Source Files\Main Application</Filter>
    </ClInclude>
    <ClInclude Include="Console.h">
      <Filter>Source Files\Console</Filter>
    </ClInclude>
    <ClInclude Include="DllSettings.h">
      <Filter>Source Files\Settings</Filter>
    </ClInclude>
    <ClInclude Include="EngineResources.h">
      <Filter>Source Files\Resources</Filter>
    </ClInclude>
    <ClInclude Include="Timer.h">
      <Filter>Source Files\Timer</Filter>
    </ClInclude>
  </ItemGroup>
  <ItemGroup>
    <ClCompile Include="DllSettings.cpp">
      <Filter>Source Files\Settings</Filter>
    </ClCompile>
    <ClCompile Include="Console.cpp">
      <Filter>Source Files\Console</Filter>
    </ClCompile>
    <ClCompile Include="EngineApp.cpp">
      <Filter>Source Files\Main Application</Filter>
    </ClCompile>
    <ClCompile Include="InputManager.cpp">
      <Filter>Source Files\Input</Filter>
    </ClCompile>
    <ClCompile Include="Timer.cpp">
      <Filter>Source Files\Timer</Filter>
    </ClCompile>
    <ClCompile Include="EngineResources.cpp">
      <Filter>Source Files\Resources</Filter>
    </ClCompile>
  </ItemGroup>
</Project>