<?xml version="1.0" encoding="utf-8"?>
<Project ToolsVersion="4.0" xmlns="http://schemas.microsoft.com/developer/msbuild/2003">
  <ItemGroup>
    <Filter Include="Source Files">
      <UniqueIdentifier>{4FC737F1-C7A5-4376-A066-2A32D752A2FF}</UniqueIdentifier>
      <Extensions>
      </Extensions>
    </Filter>
    <Filter Include="Resource Files">
      <UniqueIdentifier>{67DA6AB6-F800-4c08-8B7A-83BB121AAD01}</UniqueIdentifier>
      <Extensions>rc;ico;cur;bmp;dlg;rc2;rct;bin;rgs;gif;jpg;jpeg;jpe;resx;tiff;tif;png;wav;mfcribbon-ms</Extensions>
    </Filter>
    <Filter Include="Source Files\Main Game Window">
      <UniqueIdentifier>{20a26c19-0e25-442a-84ea-9c852ebb75c8}</UniqueIdentifier>
    </Filter>
    <Filter Include="Source Files\Game State">
      <UniqueIdentifier>{da60b362-99c6-4971-a72a-c952a5a431b0}</UniqueIdentifier>
    </Filter>
    <Filter Include="Source Files\Character">
      <UniqueIdentifier>{e8c6f58d-1aa7-4f71-9d57-370b3a8cc953}</UniqueIdentifier>
    </Filter>
    <Filter Include="Source Files\Game State\Server">
      <UniqueIdentifier>{a5e3acae-14c7-46bf-b7f3-64462c95dfb1}</UniqueIdentifier>
    </Filter>
    <Filter Include="Source Files\Game State\Client">
      <UniqueIdentifier>{5df5900b-a975-4cbe-b9d5-18a3bd0a3a35}</UniqueIdentifier>
    </Filter>
  </ItemGroup>
  <ItemGroup>
    <ClCompile Include="main.cpp">
      <Filter>Source Files</Filter>
    </ClCompile>
    <ClCompile Include="Game1.cpp">
      <Filter>Source Files\Main Game Window</Filter>
    </ClCompile>
    <ClCompile Include="Character.cpp">
      <Filter>Source Files\Character</Filter>
    </ClCompile>
    <ClCompile Include="GameClient.cpp">
      <Filter>Source Files\Game State\Client</Filter>
    </ClCompile>
    <ClCompile Include="GameServer.cpp">
      <Filter>Source Files\Game State\Server</Filter>
    </ClCompile>
  </ItemGroup>
  <ItemGroup>
    <ClInclude Include="Game1.h">
      <Filter>Source Files\Main Game Window</Filter>
    </ClInclude>
    <ClInclude Include="GameState.h">
      <Filter>Source Files\Game State</Filter>
    </ClInclude>
    <ClInclude Include="Character.h">
      <Filter>Source Files\Character</Filter>
    </ClInclude>
    <ClInclude Include="resource.h">
      <Filter>Resource Files</Filter>
    </ClInclude>
    <ClInclude Include="GameClient.h">
      <Filter>Source Files\Game State\Client</Filter>
    </ClInclude>
    <ClInclude Include="GameServer.h">
      <Filter>Source Files\Game State\Server</Filter>
    </ClInclude>
  </ItemGroup>
  <ItemGroup>
    <ResourceCompile Include="Game1.rc">
      <Filter>Resource Files</Filter>
    </ResourceCompile>
  </ItemGroup>
</Project>