<?xml version="1.0" encoding="utf-8"?>
<Project ToolsVersion="4.0" xmlns="http://schemas.microsoft.com/developer/msbuild/2003">
  <ItemGroup>
    <Filter Include="Resource Files">
      <UniqueIdentifier>{67DA6AB6-F800-4c08-8B7A-83BB121AAD01}</UniqueIdentifier>
      <Extensions>rc;ico;cur;bmp;dlg;rc2;rct;bin;rgs;gif;jpg;jpeg;jpe;resx;tiff;tif;png;wav;mfcribbon-ms</Extensions>
    </Filter>
    <Filter Include="Source Files">
      <UniqueIdentifier>{8387be19-1165-417e-8dec-d7151d7a60b5}</UniqueIdentifier>
    </Filter>
    <Filter Include="Header Files">
      <UniqueIdentifier>{78216bd6-2448-4ee3-b98d-ddbc4a8d5361}</UniqueIdentifier>
    </Filter>
    <Filter Include="Source Files\Graphics">
      <UniqueIdentifier>{8e311aba-1b8e-4039-b977-ed2ac43b26fc}</UniqueIdentifier>
    </Filter>
    <Filter Include="Source Files\Camera">
      <UniqueIdentifier>{f97a0ff6-416a-4aac-9100-878b4b85d0a0}</UniqueIdentifier>
    </Filter>
    <Filter Include="Source Files\Models">
      <UniqueIdentifier>{ee9fbb28-dd33-4976-8064-5b8a1a433446}</UniqueIdentifier>
    </Filter>
    <Filter Include="Source Files\Models\Base Class">
      <UniqueIdentifier>{8dd7d5a5-9234-4f7f-837e-cbf460a5fdda}</UniqueIdentifier>
    </Filter>
    <Filter Include="Source Files\Settings">
      <UniqueIdentifier>{df9e4035-3854-457d-94c0-085429f87a28}</UniqueIdentifier>
    </Filter>
    <Filter Include="Source Files\Graphics\Render API">
      <UniqueIdentifier>{e96b1bb2-d924-43f1-ab0a-37e753a51dd6}</UniqueIdentifier>
    </Filter>
    <Filter Include="Source Files\Graphics\Render API\DirectX">
      <UniqueIdentifier>{2bc5c1c4-4e2f-4c49-b25c-d839b95911ea}</UniqueIdentifier>
    </Filter>
    <Filter Include="Source Files\Graphics\Render API\DirectX\Files">
      <UniqueIdentifier>{321c8b57-e078-468a-a186-e565b76b4de9}</UniqueIdentifier>
    </Filter>
    <Filter Include="Source Files\Graphics\Render API\DirectX\Basics">
      <UniqueIdentifier>{7652d9e1-1414-4e59-90c9-65b838f2f113}</UniqueIdentifier>
    </Filter>
    <Filter Include="Source Files\Graphics\RenderBatch">
      <UniqueIdentifier>{4db049be-79ee-404c-aa7c-83cb0d72a5d7}</UniqueIdentifier>
    </Filter>
    <Filter Include="Source Files\Graphics\RenderBatch\Vertex Manager">
      <UniqueIdentifier>{f26966b4-dced-4b61-bf57-1f98f022a604}</UniqueIdentifier>
    </Filter>
    <Filter Include="Source Files\Models\Mesh Loader">
      <UniqueIdentifier>{d4ae1de8-3217-4d5b-b807-dd47f81218f9}</UniqueIdentifier>
    </Filter>
    <Filter Include="Source Files\Models\Mesh">
      <UniqueIdentifier>{80914dcf-715f-42ed-b3a6-0b205381cf06}</UniqueIdentifier>
    </Filter>
    <Filter Include="Source Files\Models\Polygon">
      <UniqueIdentifier>{ff8b3806-4448-499e-a871-271a1f5c5967}</UniqueIdentifier>
    </Filter>
  </ItemGroup>
  <ItemGroup>
    <ClInclude Include="DX11BufferManager.h">
      <Filter>Header Files</Filter>
    </ClInclude>
    <ClInclude Include="DX11ConstantBuffer.h">
      <Filter>Header Files</Filter>
    </ClInclude>
    <ClInclude Include="DX11DepthStencilState.h">
      <Filter>Header Files</Filter>
    </ClInclude>
    <ClInclude Include="DX11Shader.h">
      <Filter>Header Files</Filter>
    </ClInclude>
    <ClInclude Include="DX11Texture.h">
      <Filter>Header Files</Filter>
    </ClInclude>
    <ClInclude Include="WindowsAdditionals.h">
      <Filter>Header Files</Filter>
    </ClInclude>
    <ClInclude Include="Camera.h">
      <Filter>Source Files\Camera</Filter>
    </ClInclude>
    <ClInclude Include="Graphics.h">
      <Filter>Source Files\Graphics</Filter>
    </ClInclude>
    <ClInclude Include="VertexManager.h">
      <Filter>Source Files\Graphics\RenderBatch\Vertex Manager</Filter>
    </ClInclude>
    <ClInclude Include="RenderAPI.h">
      <Filter>Source Files\Graphics\Render API</Filter>
    </ClInclude>
    <ClInclude Include="Model.h">
      <Filter>Source Files\Models\Base Class</Filter>
    </ClInclude>
    <ClInclude Include="DirectX11API.h">
      <Filter>Source Files\Graphics\Render API\DirectX</Filter>
    </ClInclude>
    <ClInclude Include="RenderBatch.h">
      <Filter>Source Files\Graphics\RenderBatch</Filter>
    </ClInclude>
    <ClInclude Include="DllSettings.h">
      <Filter>Source Files\Settings</Filter>
    </ClInclude>
    <ClInclude Include="DX11ShaderManager.h">
      <Filter>Header Files</Filter>
    </ClInclude>
    <ClInclude Include="DX11TextureManager.h">
      <Filter>Header Files</Filter>
    </ClInclude>
    <ClInclude Include="Mesh.h">
      <Filter>Source Files\Models\Mesh</Filter>
    </ClInclude>
    <ClInclude Include="MeshLoader.h">
      <Filter>Source Files\Models\Mesh Loader</Filter>
    </ClInclude>
    <ClInclude Include="Polygon.h">
      <Filter>Source Files\Models\Polygon</Filter>
    </ClInclude>
    <ClInclude Include="Vertex.h">
      <Filter>Source Files\Models\Mesh</Filter>
    </ClInclude>
    <ClInclude Include="DX11RasterStateManager.h">
      <Filter>Header Files</Filter>
    </ClInclude>
  </ItemGroup>
  <ItemGroup>
    <ClCompile Include="Camera.cpp">
      <Filter>Source Files\Camera</Filter>
    </ClCompile>
    <ClCompile Include="Graphics.cpp">
      <Filter>Source Files\Graphics</Filter>
    </ClCompile>
    <ClCompile Include="RenderAPI.cpp">
      <Filter>Source Files\Graphics\Render API</Filter>
    </ClCompile>
    <ClCompile Include="VertexManager.cpp">
      <Filter>Source Files\Graphics\RenderBatch\Vertex Manager</Filter>
    </ClCompile>
    <ClCompile Include="Model.cpp">
      <Filter>Source Files\Models\Base Class</Filter>
    </ClCompile>
    <ClCompile Include="DirectX11API.cpp">
      <Filter>Source Files\Graphics\Render API\DirectX</Filter>
    </ClCompile>
    <ClCompile Include="RenderBatch.cpp">
      <Filter>Source Files\Graphics\RenderBatch</Filter>
    </ClCompile>
    <ClCompile Include="DllSettings.cpp">
      <Filter>Source Files\Settings</Filter>
    </ClCompile>
    <ClCompile Include="DX11BufferManager.cpp">
      <Filter>Source Files\Graphics\Render API\DirectX\Files</Filter>
    </ClCompile>
    <ClCompile Include="DX11ConstantBuffer.cpp">
      <Filter>Source Files\Graphics\Render API\DirectX\Files</Filter>
    </ClCompile>
    <ClCompile Include="DX11DepthStencilState.cpp">
      <Filter>Source Files\Graphics\Render API\DirectX\Files</Filter>
    </ClCompile>
    <ClCompile Include="DX11Shader.cpp">
      <Filter>Source Files\Graphics\Render API\DirectX\Basics</Filter>
    </ClCompile>
    <ClCompile Include="DX11Texture.cpp">
      <Filter>Source Files\Graphics\Render API\DirectX\Basics</Filter>
    </ClCompile>
    <ClCompile Include="DX11ShaderManager.cpp">
      <Filter>Source Files\Graphics\Render API\DirectX\Files</Filter>
    </ClCompile>
    <ClCompile Include="DX11TextureManager.cpp">
      <Filter>Source Files\Graphics\Render API\DirectX\Files</Filter>
    </ClCompile>
    <ClCompile Include="MeshLoader.cpp">
      <Filter>Source Files\Models\Mesh Loader</Filter>
    </ClCompile>
    <ClCompile Include="Mesh.cpp">
      <Filter>Source Files\Models\Mesh</Filter>
    </ClCompile>
    <ClCompile Include="Polygon.cpp">
      <Filter>Source Files\Models\Polygon</Filter>
    </ClCompile>
    <ClCompile Include="DX11RasterStateManager.cpp">
      <Filter>Source Files\Graphics\Render API\DirectX\Files</Filter>
    </ClCompile>
  </ItemGroup>
  <ItemGroup>
    <None Include="..\TestGame\Assets\Shaders\2D Shader.hlsl">
      <Filter>Resource Files</Filter>
    </None>
    <None Include="..\TestGame\Assets\Shaders\3D Shader.hlsl">
      <Filter>Resource Files</Filter>
    </None>
  </ItemGroup>
</Project>