<?xml version="1.0" encoding="utf-8"?>
<Project ToolsVersion="4.0" xmlns="http://schemas.microsoft.com/developer/msbuild/2003">
  <ItemGroup>
    <Filter Include="Source Files">
      <UniqueIdentifier>{4FC737F1-C7A5-4376-A066-2A32D752A2FF}</UniqueIdentifier>
      <Extensions>cpp;c;cc;cxx;def;odl;idl;hpj;bat;asm;asmx</Extensions>
    </Filter>
    <Filter Include="Header Files">
      <UniqueIdentifier>{93995380-89BD-4b04-88EB-625FBE52EBFB}</UniqueIdentifier>
      <Extensions>h;hh;hpp;hxx;hm;inl;inc;xsd</Extensions>
    </Filter>
    <Filter Include="Resource Files">
      <UniqueIdentifier>{67DA6AB6-F800-4c08-8B7A-83BB121AAD01}</UniqueIdentifier>
      <Extensions>rc;ico;cur;bmp;dlg;rc2;rct;bin;rgs;gif;jpg;jpeg;jpe;resx;tiff;tif;png;wav;mfcribbon-ms</Extensions>
    </Filter>
    <Filter Include="Source Files\Graphics">
      <UniqueIdentifier>{fb562cb9-bd08-4c52-8262-0f250552a8f9}</UniqueIdentifier>
    </Filter>
    <Filter Include="Source Files\Camera">
      <UniqueIdentifier>{50e66784-beb9-4a9a-aa19-69f437890260}</UniqueIdentifier>
    </Filter>
    <Filter Include="Source Files\Models">
      <UniqueIdentifier>{9b88c40a-cba6-4d54-abc3-fa8ab50013e4}</UniqueIdentifier>
    </Filter>
    <Filter Include="Source Files\Models\Model3D">
      <UniqueIdentifier>{4c0ff9ea-b8f1-45de-9c13-7d6c443c7f93}</UniqueIdentifier>
    </Filter>
    <Filter Include="Source Files\Graphics\DirectX">
      <UniqueIdentifier>{d848735f-1d1c-4788-9a28-62ca3b9112b5}</UniqueIdentifier>
    </Filter>
    <Filter Include="Source Files\Graphics\DirectX\Texture">
      <UniqueIdentifier>{8aa81909-4055-42fc-9b5c-ad8222c00bf9}</UniqueIdentifier>
    </Filter>
    <Filter Include="Source Files\Mesh Loader">
      <UniqueIdentifier>{dabfa7c1-05dd-44ae-8bd3-0e8e5a3e6228}</UniqueIdentifier>
    </Filter>
  </ItemGroup>
  <ItemGroup>
    <ClInclude Include="GraphicsEngine.h">
      <Filter>Header Files</Filter>
    </ClInclude>
    <ClInclude Include="Camera.h">
      <Filter>Header Files</Filter>
    </ClInclude>
    <ClInclude Include="DLLSettings.h">
      <Filter>Header Files</Filter>
    </ClInclude>
    <ClInclude Include="Model.h">
      <Filter>Header Files</Filter>
    </ClInclude>
    <ClInclude Include="Model3D.h">
      <Filter>Header Files</Filter>
    </ClInclude>
    <ClInclude Include="DxTexture.h">
      <Filter>Header Files</Filter>
    </ClInclude>
    <ClInclude Include="winfunc.h">
      <Filter>Header Files</Filter>
    </ClInclude>
    <ClInclude Include="MeshLoader.h">
      <Filter>Header Files</Filter>
    </ClInclude>
  </ItemGroup>
  <ItemGroup>
    <ClCompile Include="GraphicsEngine.cpp">
      <Filter>Source Files\Graphics</Filter>
    </ClCompile>
    <ClCompile Include="Camera.cpp">
      <Filter>Source Files\Camera</Filter>
    </ClCompile>
    <ClCompile Include="Model.cpp">
      <Filter>Source Files\Models</Filter>
    </ClCompile>
    <ClCompile Include="Model3D.cpp">
      <Filter>Source Files\Models\Model3D</Filter>
    </ClCompile>
    <ClCompile Include="DxTexture.cpp">
      <Filter>Source Files\Graphics\DirectX\Texture</Filter>
    </ClCompile>
    <ClCompile Include="MeshLoader.cpp">
      <Filter>Source Files\Mesh Loader</Filter>
    </ClCompile>
  </ItemGroup>
</Project>