<?xml version="1.0" encoding="utf-8"?>
<Project ToolsVersion="4.0" xmlns="http://schemas.microsoft.com/developer/msbuild/2003">
  <ItemGroup>
    <Filter Include="Header Files">
      <UniqueIdentifier>{93995380-89BD-4b04-88EB-625FBE52EBFB}</UniqueIdentifier>
      <Extensions>h;hh;hpp;hxx;hm;inl;inc;xsd</Extensions>
    </Filter>
    <Filter Include="Resource Files">
      <UniqueIdentifier>{67DA6AB6-F800-4c08-8B7A-83BB121AAD01}</UniqueIdentifier>
      <Extensions>rc;ico;cur;bmp;dlg;rc2;rct;bin;rgs;gif;jpg;jpeg;jpe;resx;tiff;tif;png;wav;mfcribbon-ms</Extensions>
    </Filter>
    <Filter Include="Source Files">
      <UniqueIdentifier>{5de5880a-3060-475e-96d7-15f1c341198b}</UniqueIdentifier>
    </Filter>
    <Filter Include="Source Files\App">
      <UniqueIdentifier>{cf2370f1-92c5-4448-b0da-b225815bb349}</UniqueIdentifier>
    </Filter>
    <Filter Include="Source Files\System">
      <UniqueIdentifier>{72000e9a-49f8-47bd-895c-09f06f4a4505}</UniqueIdentifier>
    </Filter>
    <Filter Include="Source Files\SDL2 API">
      <UniqueIdentifier>{fe490ae5-60fc-4a0d-ad71-5cf707e2f40e}</UniqueIdentifier>
    </Filter>
    <Filter Include="Source Files\Input Manager">
      <UniqueIdentifier>{8507e581-b741-4da0-aea6-88a44b08850e}</UniqueIdentifier>
    </Filter>
    <Filter Include="Source Files\Win32">
      <UniqueIdentifier>{5cf7c675-066a-4a54-9c85-62cd01a4a0f2}</UniqueIdentifier>
    </Filter>
  </ItemGroup>
  <ItemGroup>
    <ClInclude Include="Window.h">
      <Filter>Header Files</Filter>
    </ClInclude>
    <ClInclude Include="App.h">
      <Filter>Header Files</Filter>
    </ClInclude>
    <ClInclude Include="Window_SDL.h">
      <Filter>Header Files</Filter>
    </ClInclude>
    <ClInclude Include="DllSettings.h">
      <Filter>Header Files</Filter>
    </ClInclude>
    <ClInclude Include="System.h">
      <Filter>Header Files</Filter>
    </ClInclude>
    <ClInclude Include="ThreadSafeQueue.h">
      <Filter>Header Files</Filter>
    </ClInclude>
    <ClInclude Include="InputManager.h">
      <Filter>Header Files</Filter>
    </ClInclude>
    <ClInclude Include="Window_Win32.h">
      <Filter>Header Files</Filter>
    </ClInclude>
  </ItemGroup>
  <ItemGroup>
    <ClCompile Include="App.cpp">
      <Filter>Source Files\App</Filter>
    </ClCompile>
    <ClCompile Include="System.cpp">
      <Filter>Source Files\System</Filter>
    </ClCompile>
    <ClCompile Include="Window_SDL.cpp">
      <Filter>Source Files\SDL2 API</Filter>
    </ClCompile>
    <ClCompile Include="InputManager.cpp">
      <Filter>Source Files\Input Manager</Filter>
    </ClCompile>
    <ClCompile Include="Window_Win32.cpp">
      <Filter>Source Files\Win32</Filter>
    </ClCompile>
  </ItemGroup>
</Project>