
Microsoft Visual Studio Solution File, Format Version 12.00
# Visual Studio 15
VisualStudioVersion = 15.0.27130.2024
MinimumVisualStudioVersion = 10.0.40219.1
Project("{8BC9CEB8-8B4A-11D0-8D11-00A0C91BC942}") = "Net Module", "Net Module\Net Module.vcxproj", "{FC95E34E-72DA-4162-9C68-BCA16F1DB502}"
EndProject
Global
	GlobalSection(SolutionConfigurationPlatforms) = preSolution
		Debug|x64 = Debug|x64
		Debug|x86 = Debug|x86
		Release|x64 = Release|x64
		Release|x86 = Release|x86
	EndGlobalSection
	GlobalSection(ProjectConfigurationPlatforms) = postSolution
		{FC95E34E-72DA-4162-9C68-BCA16F1DB502}.Debug|x64.ActiveCfg = Debug|x64
		{FC95E34E-72DA-4162-9C68-BCA16F1DB502}.Debug|x64.Build.0 = Debug|x64
		{FC95E34E-72DA-4162-9C68-BCA16F1DB502}.Debug|x86.ActiveCfg = Debug|Win32
		{FC95E34E-72DA-4162-9C68-BCA16F1DB502}.Debug|x86.Build.0 = Debug|Win32
		{FC95E34E-72DA-4162-9C68-BCA16F1DB502}.Release|x64.ActiveCfg = Release|x64
		{FC95E34E-72DA-4162-9C68-BCA16F1DB502}.Release|x64.Build.0 = Release|x64
		{FC95E34E-72DA-4162-9C68-BCA16F1DB502}.Release|x86.ActiveCfg = Release|Win32
		{FC95E34E-72DA-4162-9C68-BCA16F1DB502}.Release|x86.Build.0 = Release|Win32
	EndGlobalSection
	GlobalSection(SolutionProperties) = preSolution
		HideSolutionNode = FALSE
	EndGlobalSection
	GlobalSection(ExtensibilityGlobals) = postSolution
		SolutionGuid = {081ACD6E-21E3-4E3C-9558-15C3FABD4324}
	EndGlobalSection
EndGlobal
